
Microsoft Visual Studio Solution File, Format Version 12.00
Project("{FAE04EC0-301F-11D3-BF4B-00C04F79EFBC}") = "ConnectionSwitcher", "ConnectionSwitcher\ConnectionSwitcher.csproj", "{D5021980-08E0-4802-9C9B-0A9FF433C67D}"
EndProject
Global
	GlobalSection(SolutionConfigurationPlatforms) = preSolution
		Debug|Any CPU = Debug|Any CPU
		Release|Any CPU = Release|Any CPU
	EndGlobalSection
	GlobalSection(ProjectConfigurationPlatforms) = postSolution
		{D5021980-08E0-4802-9C9B-0A9FF433C67D}.Debug|Any CPU.ActiveCfg = Debug|Any CPU
		{D5021980-08E0-4802-9C9B-0A9FF433C67D}.Debug|Any CPU.Build.0 = Debug|Any CPU
		{D5021980-08E0-4802-9C9B-0A9FF433C67D}.Release|Any CPU.ActiveCfg = Release|Any CPU
		{D5021980-08E0-4802-9C9B-0A9FF433C67D}.Release|Any CPU.Build.0 = Release|Any CPU
	EndGlobalSection
EndGlobal
